
Microsoft Visual Studio Solution File, Format Version 12.00
Project("{FAE04EC0-301F-11D3-BF4B-00C04F79EFBC}") = "Platform.Domain", "Platform.Domain\Platform.Domain.csproj", "{8EAB329F-C402-47F5-A2FD-C94E87704D93}"
EndProject
Project("{FAE04EC0-301F-11D3-BF4B-00C04F79EFBC}") = "Platform.Application", "Platform.Application\Platform.Application.csproj", "{C7B8A77F-1626-4128-87DC-4A298DD6D813}"
EndProject
Project("{FAE04EC0-301F-11D3-BF4B-00C04F79EFBC}") = "Platform.Infrastructure", "Platform.Infrastructure\Platform.Infrastructure.csproj", "{7EF340E8-0B2C-40F2-B32C-74074D97FE1A}"
EndProject
Project("{FAE04EC0-301F-11D3-BF4B-00C04F79EFBC}") = "Platform.Tests", "Platform.Tests\Platform.Tests.csproj", "{1C331E9B-6FA1-4BA6-81A3-4ADCBE23EDA7}"
EndProject
Project("{FAE04EC0-301F-11D3-BF4B-00C04F79EFBC}") = "Platform.Web", "Platform.Web\Platform.Web.csproj", "{8AAD6F12-0567-4856-B99D-3C3E44A6BDBB}"
EndProject
Project("{FAE04EC0-301F-11D3-BF4B-00C04F79EFBC}") = "Platform.Api", "Platform.Api\Platform.Api.csproj", "{C1EBE571-2566-4A5E-B751-FA3B88EE6748}"
EndProject
Global
	GlobalSection(SolutionConfigurationPlatforms) = preSolution
		Debug|Any CPU = Debug|Any CPU
		Release|Any CPU = Release|Any CPU
	EndGlobalSection
	GlobalSection(ProjectConfigurationPlatforms) = postSolution
		{8EAB329F-C402-47F5-A2FD-C94E87704D93}.Debug|Any CPU.ActiveCfg = Debug|Any CPU
		{8EAB329F-C402-47F5-A2FD-C94E87704D93}.Debug|Any CPU.Build.0 = Debug|Any CPU
		{8EAB329F-C402-47F5-A2FD-C94E87704D93}.Release|Any CPU.ActiveCfg = Release|Any CPU
		{8EAB329F-C402-47F5-A2FD-C94E87704D93}.Release|Any CPU.Build.0 = Release|Any CPU
		{C7B8A77F-1626-4128-87DC-4A298DD6D813}.Debug|Any CPU.ActiveCfg = Debug|Any CPU
		{C7B8A77F-1626-4128-87DC-4A298DD6D813}.Debug|Any CPU.Build.0 = Debug|Any CPU
		{C7B8A77F-1626-4128-87DC-4A298DD6D813}.Release|Any CPU.ActiveCfg = Release|Any CPU
		{C7B8A77F-1626-4128-87DC-4A298DD6D813}.Release|Any CPU.Build.0 = Release|Any CPU
		{7EF340E8-0B2C-40F2-B32C-74074D97FE1A}.Debug|Any CPU.ActiveCfg = Debug|Any CPU
		{7EF340E8-0B2C-40F2-B32C-74074D97FE1A}.Debug|Any CPU.Build.0 = Debug|Any CPU
		{7EF340E8-0B2C-40F2-B32C-74074D97FE1A}.Release|Any CPU.ActiveCfg = Release|Any CPU
		{7EF340E8-0B2C-40F2-B32C-74074D97FE1A}.Release|Any CPU.Build.0 = Release|Any CPU
		{1C331E9B-6FA1-4BA6-81A3-4ADCBE23EDA7}.Debug|Any CPU.ActiveCfg = Debug|Any CPU
		{1C331E9B-6FA1-4BA6-81A3-4ADCBE23EDA7}.Debug|Any CPU.Build.0 = Debug|Any CPU
		{1C331E9B-6FA1-4BA6-81A3-4ADCBE23EDA7}.Release|Any CPU.ActiveCfg = Release|Any CPU
		{1C331E9B-6FA1-4BA6-81A3-4ADCBE23EDA7}.Release|Any CPU.Build.0 = Release|Any CPU
		{8AAD6F12-0567-4856-B99D-3C3E44A6BDBB}.Debug|Any CPU.ActiveCfg = Debug|Any CPU
		{8AAD6F12-0567-4856-B99D-3C3E44A6BDBB}.Debug|Any CPU.Build.0 = Debug|Any CPU
		{8AAD6F12-0567-4856-B99D-3C3E44A6BDBB}.Release|Any CPU.ActiveCfg = Release|Any CPU
		{8AAD6F12-0567-4856-B99D-3C3E44A6BDBB}.Release|Any CPU.Build.0 = Release|Any CPU
		{C1EBE571-2566-4A5E-B751-FA3B88EE6748}.Debug|Any CPU.ActiveCfg = Debug|Any CPU
		{C1EBE571-2566-4A5E-B751-FA3B88EE6748}.Debug|Any CPU.Build.0 = Debug|Any CPU
		{C1EBE571-2566-4A5E-B751-FA3B88EE6748}.Release|Any CPU.ActiveCfg = Release|Any CPU
		{C1EBE571-2566-4A5E-B751-FA3B88EE6748}.Release|Any CPU.Build.0 = Release|Any CPU
	EndGlobalSection
EndGlobal
